// !$*UTF8*$!
{
	archiveVersion = 1;
	classes = {
	};
	objectVersion = 55;
	objects = {

/* Begin PBXBuildFile section */
		0046CBA2290D498C0045204F /* NASA_GalleryTests.swift in Sources */ = {isa = PBXBuildFile; fileRef = 0046CBA1290D498C0045204F /* NASA_GalleryTests.swift */; };
		0046CBAC290D498C0045204F /* NASA_GalleryUITests.swift in Sources */ = {isa = PBXBuildFile; fileRef = 0046CBAB290D498C0045204F /* NASA_GalleryUITests.swift */; };
		0046CBAE290D498C0045204F /* NASA_GalleryUITestsLaunchTests.swift in Sources */ = {isa = PBXBuildFile; fileRef = 0046CBAD290D498C0045204F /* NASA_GalleryUITestsLaunchTests.swift */; };
		00CF30FD290F8E0600D86CE3 /* ImageCollectionCell.swift in Sources */ = {isa = PBXBuildFile; fileRef = 00CF30E3290F8E0600D86CE3 /* ImageCollectionCell.swift */; };
		00CF30FE290F8E0600D86CE3 /* Assets.xcassets in Resources */ = {isa = PBXBuildFile; fileRef = 00CF30E4290F8E0600D86CE3 /* Assets.xcassets */; };
		00CF30FF290F8E0600D86CE3 /* NASAImages.swift in Sources */ = {isa = PBXBuildFile; fileRef = 00CF30E6290F8E0600D86CE3 /* NASAImages.swift */; };
		00CF3100290F8E0600D86CE3 /* LaunchScreen.storyboard in Resources */ = {isa = PBXBuildFile; fileRef = 00CF30E7290F8E0600D86CE3 /* LaunchScreen.storyboard */; };
		00CF3101290F8E0600D86CE3 /* Main.storyboard in Resources */ = {isa = PBXBuildFile; fileRef = 00CF30E9290F8E0600D86CE3 /* Main.storyboard */; };
		00CF3102290F8E0600D86CE3 /* AppDelegate.swift in Sources */ = {isa = PBXBuildFile; fileRef = 00CF30EC290F8E0600D86CE3 /* AppDelegate.swift */; };
		00CF3103290F8E0600D86CE3 /* data.json in Resources */ = {isa = PBXBuildFile; fileRef = 00CF30EE290F8E0600D86CE3 /* data.json */; };
		00CF3104290F8E0600D86CE3 /* Assets.xcassets in Resources */ = {isa = PBXBuildFile; fileRef = 00CF30F0290F8E0600D86CE3 /* Assets.xcassets */; };
		00CF3105290F8E0600D86CE3 /* LaunchScreen.storyboard in Resources */ = {isa = PBXBuildFile; fileRef = 00CF30F1290F8E0600D86CE3 /* LaunchScreen.storyboard */; };
		00CF3106290F8E0600D86CE3 /* Main.storyboard in Resources */ = {isa = PBXBuildFile; fileRef = 00CF30F3290F8E0600D86CE3 /* Main.storyboard */; };
		00CF3107290F8E0600D86CE3 /* NASA_Gallery.xcdatamodeld in Sources */ = {isa = PBXBuildFile; fileRef = 00CF30F5290F8E0600D86CE3 /* NASA_Gallery.xcdatamodeld */; };
		00CF3108290F8E0600D86CE3 /* Info.plist in Resources */ = {isa = PBXBuildFile; fileRef = 00CF30F7290F8E0600D86CE3 /* Info.plist */; };
		00CF3109290F8E0600D86CE3 /* DetailTableViewCell.swift in Sources */ = {isa = PBXBuildFile; fileRef = 00CF30F9290F8E0600D86CE3 /* DetailTableViewCell.swift */; };
		00CF310A290F8E0600D86CE3 /* ViewController.swift in Sources */ = {isa = PBXBuildFile; fileRef = 00CF30FB290F8E0600D86CE3 /* ViewController.swift */; };
		00CF310B290F8E0600D86CE3 /* DetailViewController.swift in Sources */ = {isa = PBXBuildFile; fileRef = 00CF30FC290F8E0600D86CE3 /* DetailViewController.swift */; };
/* End PBXBuildFile section */

/* Begin PBXContainerItemProxy section */
		0046CB9E290D498C0045204F /* PBXContainerItemProxy */ = {
			isa = PBXContainerItemProxy;
			containerPortal = 0046CB7C290D498B0045204F /* Project object */;
			proxyType = 1;
			remoteGlobalIDString = 0046CB83290D498B0045204F;
			remoteInfo = "NASA Gallery";
		};
		0046CBA8290D498C0045204F /* PBXContainerItemProxy */ = {
			isa = PBXContainerItemProxy;
			containerPortal = 0046CB7C290D498B0045204F /* Project object */;
			proxyType = 1;
			remoteGlobalIDString = 0046CB83290D498B0045204F;
			remoteInfo = "NASA Gallery";
		};
/* End PBXContainerItemProxy section */

/* Begin PBXFileReference section */
		0046CB84290D498B0045204F /* NASA Gallery.app */ = {isa = PBXFileReference; explicitFileType = wrapper.application; includeInIndex = 0; path = "NASA Gallery.app"; sourceTree = BUILT_PRODUCTS_DIR; };
		0046CB9D290D498C0045204F /* NASA GalleryTests.xctest */ = {isa = PBXFileReference; explicitFileType = wrapper.cfbundle; includeInIndex = 0; path = "NASA GalleryTests.xctest"; sourceTree = BUILT_PRODUCTS_DIR; };
		0046CBA1290D498C0045204F /* NASA_GalleryTests.swift */ = {isa = PBXFileReference; lastKnownFileType = sourcecode.swift; path = NASA_GalleryTests.swift; sourceTree = "<group>"; };
		0046CBA7290D498C0045204F /* NASA GalleryUITests.xctest */ = {isa = PBXFileReference; explicitFileType = wrapper.cfbundle; includeInIndex = 0; path = "NASA GalleryUITests.xctest"; sourceTree = BUILT_PRODUCTS_DIR; };
		0046CBAB290D498C0045204F /* NASA_GalleryUITests.swift */ = {isa = PBXFileReference; lastKnownFileType = sourcecode.swift; path = NASA_GalleryUITests.swift; sourceTree = "<group>"; };
		0046CBAD290D498C0045204F /* NASA_GalleryUITestsLaunchTests.swift */ = {isa = PBXFileReference; lastKnownFileType = sourcecode.swift; path = NASA_GalleryUITestsLaunchTests.swift; sourceTree = "<group>"; };
		00CF30E3290F8E0600D86CE3 /* ImageCollectionCell.swift */ = {isa = PBXFileReference; fileEncoding = 4; lastKnownFileType = sourcecode.swift; path = ImageCollectionCell.swift; sourceTree = "<group>"; };
		00CF30E4290F8E0600D86CE3 /* Assets.xcassets */ = {isa = PBXFileReference; lastKnownFileType = folder.assetcatalog; path = Assets.xcassets; sourceTree = "<group>"; };
		00CF30E6290F8E0600D86CE3 /* NASAImages.swift */ = {isa = PBXFileReference; fileEncoding = 4; lastKnownFileType = sourcecode.swift; path = NASAImages.swift; sourceTree = "<group>"; };
		00CF30E8290F8E0600D86CE3 /* Base */ = {isa = PBXFileReference; lastKnownFileType = file.storyboard; name = Base; path = Base.lproj/LaunchScreen.storyboard; sourceTree = "<group>"; };
		00CF30EA290F8E0600D86CE3 /* Base */ = {isa = PBXFileReference; lastKnownFileType = file.storyboard; name = Base; path = Base.lproj/Main.storyboard; sourceTree = "<group>"; };
		00CF30EC290F8E0600D86CE3 /* AppDelegate.swift */ = {isa = PBXFileReference; fileEncoding = 4; lastKnownFileType = sourcecode.swift; path = AppDelegate.swift; sourceTree = "<group>"; };
		00CF30EE290F8E0600D86CE3 /* data.json */ = {isa = PBXFileReference; fileEncoding = 4; lastKnownFileType = text.json; path = data.json; sourceTree = "<group>"; };
		00CF30F0290F8E0600D86CE3 /* Assets.xcassets */ = {isa = PBXFileReference; lastKnownFileType = folder.assetcatalog; path = Assets.xcassets; sourceTree = "<group>"; };
		00CF30F2290F8E0600D86CE3 /* Base */ = {isa = PBXFileReference; lastKnownFileType = file.storyboard; name = Base; path = Base.lproj/LaunchScreen.storyboard; sourceTree = "<group>"; };
		00CF30F4290F8E0600D86CE3 /* Base */ = {isa = PBXFileReference; lastKnownFileType = file.storyboard; name = Base; path = Base.lproj/Main.storyboard; sourceTree = "<group>"; };
		00CF30F6290F8E0600D86CE3 /* NASA_Gallery.xcdatamodel */ = {isa = PBXFileReference; lastKnownFileType = wrapper.xcdatamodel; path = NASA_Gallery.xcdatamodel; sourceTree = "<group>"; };
		00CF30F7290F8E0600D86CE3 /* Info.plist */ = {isa = PBXFileReference; fileEncoding = 4; lastKnownFileType = text.plist.xml; path = Info.plist; sourceTree = "<group>"; };
		00CF30F9290F8E0600D86CE3 /* DetailTableViewCell.swift */ = {isa = PBXFileReference; fileEncoding = 4; lastKnownFileType = sourcecode.swift; path = DetailTableViewCell.swift; sourceTree = "<group>"; };
		00CF30FB290F8E0600D86CE3 /* ViewController.swift */ = {isa = PBXFileReference; fileEncoding = 4; lastKnownFileType = sourcecode.swift; path = ViewController.swift; sourceTree = "<group>"; };
		00CF30FC290F8E0600D86CE3 /* DetailViewController.swift */ = {isa = PBXFileReference; fileEncoding = 4; lastKnownFileType = sourcecode.swift; path = DetailViewController.swift; sourceTree = "<group>"; };
/* End PBXFileReference section */

/* Begin PBXFrameworksBuildPhase section */
		0046CB81290D498B0045204F /* Frameworks */ = {
			isa = PBXFrameworksBuildPhase;
			buildActionMask = 2147483647;
			files = (
			);
			runOnlyForDeploymentPostprocessing = 0;
		};
		0046CB9A290D498C0045204F /* Frameworks */ = {
			isa = PBXFrameworksBuildPhase;
			buildActionMask = 2147483647;
			files = (
			);
			runOnlyForDeploymentPostprocessing = 0;
		};
		0046CBA4290D498C0045204F /* Frameworks */ = {
			isa = PBXFrameworksBuildPhase;
			buildActionMask = 2147483647;
			files = (
			);
			runOnlyForDeploymentPostprocessing = 0;
		};
/* End PBXFrameworksBuildPhase section */

/* Begin PBXGroup section */
		0046CB7B290D498B0045204F = {
			isa = PBXGroup;
			children = (
				00CF30E1290F8E0600D86CE3 /* NASA Gallery */,
				0046CBA0290D498C0045204F /* NASA GalleryTests */,
				0046CBAA290D498C0045204F /* NASA GalleryUITests */,
				0046CB85290D498B0045204F /* Products */,
			);
			sourceTree = "<group>";
		};
		0046CB85290D498B0045204F /* Products */ = {
			isa = PBXGroup;
			children = (
				0046CB84290D498B0045204F /* NASA Gallery.app */,
				0046CB9D290D498C0045204F /* NASA GalleryTests.xctest */,
				0046CBA7290D498C0045204F /* NASA GalleryUITests.xctest */,
			);
			name = Products;
			sourceTree = "<group>";
		};
		0046CBA0290D498C0045204F /* NASA GalleryTests */ = {
			isa = PBXGroup;
			children = (
				0046CBA1290D498C0045204F /* NASA_GalleryTests.swift */,
			);
			path = "NASA GalleryTests";
			sourceTree = "<group>";
		};
		0046CBAA290D498C0045204F /* NASA GalleryUITests */ = {
			isa = PBXGroup;
			children = (
				0046CBAB290D498C0045204F /* NASA_GalleryUITests.swift */,
				0046CBAD290D498C0045204F /* NASA_GalleryUITestsLaunchTests.swift */,
			);
			path = "NASA GalleryUITests";
			sourceTree = "<group>";
		};
		00CF30E1290F8E0600D86CE3 /* NASA Gallery */ = {
			isa = PBXGroup;
			children = (
				00CF30F8290F8E0600D86CE3 /* TableViewCell */,
				00CF30E2290F8E0600D86CE3 /* CollectionCell */,
				00CF30E4290F8E0600D86CE3 /* Assets.xcassets */,
				00CF30E5290F8E0600D86CE3 /* Models */,
				00CF30E7290F8E0600D86CE3 /* LaunchScreen.storyboard */,
				00CF30E9290F8E0600D86CE3 /* Main.storyboard */,
				00CF30EB290F8E0600D86CE3 /* Common */,
				00CF30ED290F8E0600D86CE3 /* JSON */,
				00CF30EF290F8E0600D86CE3 /* Supporting Files */,
				00CF30FA290F8E0600D86CE3 /* Controllers */,
			);
			path = "NASA Gallery";
			sourceTree = "<group>";
		};
		00CF30E2290F8E0600D86CE3 /* CollectionCell */ = {
			isa = PBXGroup;
			children = (
				00CF30E3290F8E0600D86CE3 /* ImageCollectionCell.swift */,
			);
			path = CollectionCell;
			sourceTree = "<group>";
		};
		00CF30E5290F8E0600D86CE3 /* Models */ = {
			isa = PBXGroup;
			children = (
				00CF30E6290F8E0600D86CE3 /* NASAImages.swift */,
			);
			path = Models;
			sourceTree = "<group>";
		};
		00CF30EB290F8E0600D86CE3 /* Common */ = {
			isa = PBXGroup;
			children = (
				00CF30EC290F8E0600D86CE3 /* AppDelegate.swift */,
			);
			path = Common;
			sourceTree = "<group>";
		};
		00CF30ED290F8E0600D86CE3 /* JSON */ = {
			isa = PBXGroup;
			children = (
				00CF30EE290F8E0600D86CE3 /* data.json */,
			);
			path = JSON;
			sourceTree = "<group>";
		};
		00CF30EF290F8E0600D86CE3 /* Supporting Files */ = {
			isa = PBXGroup;
			children = (
				00CF30F0290F8E0600D86CE3 /* Assets.xcassets */,
				00CF30F1290F8E0600D86CE3 /* LaunchScreen.storyboard */,
				00CF30F3290F8E0600D86CE3 /* Main.storyboard */,
				00CF30F5290F8E0600D86CE3 /* NASA_Gallery.xcdatamodeld */,
				00CF30F7290F8E0600D86CE3 /* Info.plist */,
			);
			path = "Supporting Files";
			sourceTree = "<group>";
		};
		00CF30F8290F8E0600D86CE3 /* TableViewCell */ = {
			isa = PBXGroup;
			children = (
				00CF30F9290F8E0600D86CE3 /* DetailTableViewCell.swift */,
			);
			path = TableViewCell;
			sourceTree = "<group>";
		};
		00CF30FA290F8E0600D86CE3 /* Controllers */ = {
			isa = PBXGroup;
			children = (
				00CF30FB290F8E0600D86CE3 /* ViewController.swift */,
				00CF30FC290F8E0600D86CE3 /* DetailViewController.swift */,
			);
			path = Controllers;
			sourceTree = "<group>";
		};
/* End PBXGroup section */

/* Begin PBXNativeTarget section */
		0046CB83290D498B0045204F /* NASA Gallery */ = {
			isa = PBXNativeTarget;
			buildConfigurationList = 0046CBB1290D498C0045204F /* Build configuration list for PBXNativeTarget "NASA Gallery" */;
			buildPhases = (
				0046CB80290D498B0045204F /* Sources */,
				0046CB81290D498B0045204F /* Frameworks */,
				0046CB82290D498B0045204F /* Resources */,
			);
			buildRules = (
			);
			dependencies = (
			);
			name = "NASA Gallery";
			productName = "NASA Gallery";
			productReference = 0046CB84290D498B0045204F /* NASA Gallery.app */;
			productType = "com.apple.product-type.application";
		};
		0046CB9C290D498C0045204F /* NASA GalleryTests */ = {
			isa = PBXNativeTarget;
			buildConfigurationList = 0046CBB4290D498C0045204F /* Build configuration list for PBXNativeTarget "NASA GalleryTests" */;
			buildPhases = (
				0046CB99290D498C0045204F /* Sources */,
				0046CB9A290D498C0045204F /* Frameworks */,
				0046CB9B290D498C0045204F /* Resources */,
			);
			buildRules = (
			);
			dependencies = (
				0046CB9F290D498C0045204F /* PBXTargetDependency */,
			);
			name = "NASA GalleryTests";
			productName = "NASA GalleryTests";
			productReference = 0046CB9D290D498C0045204F /* NASA GalleryTests.xctest */;
			productType = "com.apple.product-type.bundle.unit-test";
		};
		0046CBA6290D498C0045204F /* NASA GalleryUITests */ = {
			isa = PBXNativeTarget;
			buildConfigurationList = 0046CBB7290D498C0045204F /* Build configuration list for PBXNativeTarget "NASA GalleryUITests" */;
			buildPhases = (
				0046CBA3290D498C0045204F /* Sources */,
				0046CBA4290D498C0045204F /* Frameworks */,
				0046CBA5290D498C0045204F /* Resources */,
			);
			buildRules = (
			);
			dependencies = (
				0046CBA9290D498C0045204F /* PBXTargetDependency */,
			);
			name = "NASA GalleryUITests";
			productName = "NASA GalleryUITests";
			productReference = 0046CBA7290D498C0045204F /* NASA GalleryUITests.xctest */;
			productType = "com.apple.product-type.bundle.ui-testing";
		};
/* End PBXNativeTarget section */

/* Begin PBXProject section */
		0046CB7C290D498B0045204F /* Project object */ = {
			isa = PBXProject;
			attributes = {
				BuildIndependentTargetsInParallel = 1;
				LastSwiftUpdateCheck = 1340;
				LastUpgradeCheck = 1340;
				TargetAttributes = {
					0046CB83290D498B0045204F = {
						CreatedOnToolsVersion = 13.4;
					};
					0046CB9C290D498C0045204F = {
						CreatedOnToolsVersion = 13.4;
						TestTargetID = 0046CB83290D498B0045204F;
					};
					0046CBA6290D498C0045204F = {
						CreatedOnToolsVersion = 13.4;
						TestTargetID = 0046CB83290D498B0045204F;
					};
				};
			};
			buildConfigurationList = 0046CB7F290D498B0045204F /* Build configuration list for PBXProject "NASA Gallery" */;
			compatibilityVersion = "Xcode 13.0";
			developmentRegion = en;
			hasScannedForEncodings = 0;
			knownRegions = (
				en,
				Base,
			);
			mainGroup = 0046CB7B290D498B0045204F;
			productRefGroup = 0046CB85290D498B0045204F /* Products */;
			projectDirPath = "";
			projectRoot = "";
			targets = (
				0046CB83290D498B0045204F /* NASA Gallery */,
				0046CB9C290D498C0045204F /* NASA GalleryTests */,
				0046CBA6290D498C0045204F /* NASA GalleryUITests */,
			);
		};
/* End PBXProject section */

/* Begin PBXResourcesBuildPhase section */
		0046CB82290D498B0045204F /* Resources */ = {
			isa = PBXResourcesBuildPhase;
			buildActionMask = 2147483647;
			files = (
				00CF3108290F8E0600D86CE3 /* Info.plist in Resources */,
				00CF3106290F8E0600D86CE3 /* Main.storyboard in Resources */,
				00CF3101290F8E0600D86CE3 /* Main.storyboard in Resources */,
				00CF30FE290F8E0600D86CE3 /* Assets.xcassets in Resources */,
				00CF3100290F8E0600D86CE3 /* LaunchScreen.storyboard in Resources */,
				00CF3105290F8E0600D86CE3 /* LaunchScreen.storyboard in Resources */,
				00CF3103290F8E0600D86CE3 /* data.json in Resources */,
				00CF3104290F8E0600D86CE3 /* Assets.xcassets in Resources */,
			);
			runOnlyForDeploymentPostprocessing = 0;
		};
		0046CB9B290D498C0045204F /* Resources */ = {
			isa = PBXResourcesBuildPhase;
			buildActionMask = 2147483647;
			files = (
			);
			runOnlyForDeploymentPostprocessing = 0;
		};
		0046CBA5290D498C0045204F /* Resources */ = {
			isa = PBXResourcesBuildPhase;
			buildActionMask = 2147483647;
			files = (
			);
			runOnlyForDeploymentPostprocessing = 0;
		};
/* End PBXResourcesBuildPhase section */

/* Begin PBXSourcesBuildPhase section */
		0046CB80290D498B0045204F /* Sources */ = {
			isa = PBXSourcesBuildPhase;
			buildActionMask = 2147483647;
			files = (
				00CF310A290F8E0600D86CE3 /* ViewController.swift in Sources */,
				00CF3102290F8E0600D86CE3 /* AppDelegate.swift in Sources */,
				00CF30FF290F8E0600D86CE3 /* NASAImages.swift in Sources */,
				00CF30FD290F8E0600D86CE3 /* ImageCollectionCell.swift in Sources */,
				00CF3109290F8E0600D86CE3 /* DetailTableViewCell.swift in Sources */,
				00CF3107290F8E0600D86CE3 /* NASA_Gallery.xcdatamodeld in Sources */,
				00CF310B290F8E0600D86CE3 /* DetailViewController.swift in Sources */,
			);
			runOnlyForDeploymentPostprocessing = 0;
		};
		0046CB99290D498C0045204F /* Sources */ = {
			isa = PBXSourcesBuildPhase;
			buildActionMask = 2147483647;
			files = (
				0046CBA2290D498C0045204F /* NASA_GalleryTests.swift in Sources */,
			);
			runOnlyForDeploymentPostprocessing = 0;
		};
		0046CBA3290D498C0045204F /* Sources */ = {
			isa = PBXSourcesBuildPhase;
			buildActionMask = 2147483647;
			files = (
				0046CBAE290D498C0045204F /* NASA_GalleryUITestsLaunchTests.swift in Sources */,
				0046CBAC290D498C0045204F /* NASA_GalleryUITests.swift in Sources */,
			);
			runOnlyForDeploymentPostprocessing = 0;
		};
/* End PBXSourcesBuildPhase section */

/* Begin PBXTargetDependency section */
		0046CB9F290D498C0045204F /* PBXTargetDependency */ = {
			isa = PBXTargetDependency;
			target = 0046CB83290D498B0045204F /* NASA Gallery */;
			targetProxy = 0046CB9E290D498C0045204F /* PBXContainerItemProxy */;
		};
		0046CBA9290D498C0045204F /* PBXTargetDependency */ = {
			isa = PBXTargetDependency;
			target = 0046CB83290D498B0045204F /* NASA Gallery */;
			targetProxy = 0046CBA8290D498C0045204F /* PBXContainerItemProxy */;
		};
/* End PBXTargetDependency section */

/* Begin PBXVariantGroup section */
		00CF30E7290F8E0600D86CE3 /* LaunchScreen.storyboard */ = {
			isa = PBXVariantGroup;
			children = (
				00CF30E8290F8E0600D86CE3 /* Base */,
			);
			name = LaunchScreen.storyboard;
			sourceTree = "<group>";
		};
		00CF30E9290F8E0600D86CE3 /* Main.storyboard */ = {
			isa = PBXVariantGroup;
			children = (
				00CF30EA290F8E0600D86CE3 /* Base */,
			);
			name = Main.storyboard;
			sourceTree = "<group>";
		};
		00CF30F1290F8E0600D86CE3 /* LaunchScreen.storyboard */ = {
			isa = PBXVariantGroup;
			children = (
				00CF30F2290F8E0600D86CE3 /* Base */,
			);
			name = LaunchScreen.storyboard;
			sourceTree = "<group>";
		};
		00CF30F3290F8E0600D86CE3 /* Main.storyboard */ = {
			isa = PBXVariantGroup;
			children = (
				00CF30F4290F8E0600D86CE3 /* Base */,
			);
			name = Main.storyboard;
			sourceTree = "<group>";
		};
/* End PBXVariantGroup section */

/* Begin XCBuildConfiguration section */
		0046CBAF290D498C0045204F /* Debug */ = {
			isa = XCBuildConfiguration;
			buildSettings = {
				ALWAYS_SEARCH_USER_PATHS = NO;
				CLANG_ANALYZER_NONNULL = YES;
				CLANG_ANALYZER_NUMBER_OBJECT_CONVERSION = YES_AGGRESSIVE;
				CLANG_CXX_LANGUAGE_STANDARD = "gnu++17";
				CLANG_ENABLE_MODULES = YES;
				CLANG_ENABLE_OBJC_ARC = YES;
				CLANG_ENABLE_OBJC_WEAK = YES;
				CLANG_WARN_BLOCK_CAPTURE_AUTORELEASING = YES;
				CLANG_WARN_BOOL_CONVERSION = YES;
				CLANG_WARN_COMMA = YES;
				CLANG_WARN_CONSTANT_CONVERSION = YES;
				CLANG_WARN_DEPRECATED_OBJC_IMPLEMENTATIONS = YES;
				CLANG_WARN_DIRECT_OBJC_ISA_USAGE = YES_ERROR;
				CLANG_WARN_DOCUMENTATION_COMMENTS = YES;
				CLANG_WARN_EMPTY_BODY = YES;
				CLANG_WARN_ENUM_CONVERSION = YES;
				CLANG_WARN_INFINITE_RECURSION = YES;
				CLANG_WARN_INT_CONVERSION = YES;
				CLANG_WARN_NON_LITERAL_NULL_CONVERSION = YES;
				CLANG_WARN_OBJC_IMPLICIT_RETAIN_SELF = YES;
				CLANG_WARN_OBJC_LITERAL_CONVERSION = YES;
				CLANG_WARN_OBJC_ROOT_CLASS = YES_ERROR;
				CLANG_WARN_QUOTED_INCLUDE_IN_FRAMEWORK_HEADER = YES;
				CLANG_WARN_RANGE_LOOP_ANALYSIS = YES;
				CLANG_WARN_STRICT_PROTOTYPES = YES;
				CLANG_WARN_SUSPICIOUS_MOVE = YES;
				CLANG_WARN_UNGUARDED_AVAILABILITY = YES_AGGRESSIVE;
				CLANG_WARN_UNREACHABLE_CODE = YES;
				CLANG_WARN__DUPLICATE_METHOD_MATCH = YES;
				COPY_PHASE_STRIP = NO;
				DEBUG_INFORMATION_FORMAT = dwarf;
				ENABLE_STRICT_OBJC_MSGSEND = YES;
				ENABLE_TESTABILITY = YES;
				GCC_C_LANGUAGE_STANDARD = gnu11;
				GCC_DYNAMIC_NO_PIC = NO;
				GCC_NO_COMMON_BLOCKS = YES;
				GCC_OPTIMIZATION_LEVEL = 0;
				GCC_PREPROCESSOR_DEFINITIONS = (
					"DEBUG=1",
					"$(inherited)",
				);
				GCC_WARN_64_TO_32_BIT_CONVERSION = YES;
				GCC_WARN_ABOUT_RETURN_TYPE = YES_ERROR;
				GCC_WARN_UNDECLARED_SELECTOR = YES;
				GCC_WARN_UNINITIALIZED_AUTOS = YES_AGGRESSIVE;
				GCC_WARN_UNUSED_FUNCTION = YES;
				GCC_WARN_UNUSED_VARIABLE = YES;
				IPHONEOS_DEPLOYMENT_TARGET = 15.5;
				MTL_ENABLE_DEBUG_INFO = INCLUDE_SOURCE;
				MTL_FAST_MATH = YES;
				ONLY_ACTIVE_ARCH = YES;
				SDKROOT = iphoneos;
				SWIFT_ACTIVE_COMPILATION_CONDITIONS = DEBUG;
				SWIFT_OPTIMIZATION_LEVEL = "-Onone";
			};
			name = Debug;
		};
		0046CBB0290D498C0045204F /* Release */ = {
			isa = XCBuildConfiguration;
			buildSettings = {
				ALWAYS_SEARCH_USER_PATHS = NO;
				CLANG_ANALYZER_NONNULL = YES;
				CLANG_ANALYZER_NUMBER_OBJECT_CONVERSION = YES_AGGRESSIVE;
				CLANG_CXX_LANGUAGE_STANDARD = "gnu++17";
				CLANG_ENABLE_MODULES = YES;
				CLANG_ENABLE_OBJC_ARC = YES;
				CLANG_ENABLE_OBJC_WEAK = YES;
				CLANG_WARN_BLOCK_CAPTURE_AUTORELEASING = YES;
				CLANG_WARN_BOOL_CONVERSION = YES;
				CLANG_WARN_COMMA = YES;
				CLANG_WARN_CONSTANT_CONVERSION = YES;
				CLANG_WARN_DEPRECATED_OBJC_IMPLEMENTATIONS = YES;
				CLANG_WARN_DIRECT_OBJC_ISA_USAGE = YES_ERROR;
				CLANG_WARN_DOCUMENTATION_COMMENTS = YES;
				CLANG_WARN_EMPTY_BODY = YES;
				CLANG_WARN_ENUM_CONVERSION = YES;
				CLANG_WARN_INFINITE_RECURSION = YES;
				CLANG_WARN_INT_CONVERSION = YES;
				CLANG_WARN_NON_LITERAL_NULL_CONVERSION = YES;
				CLANG_WARN_OBJC_IMPLICIT_RETAIN_SELF = YES;
				CLANG_WARN_OBJC_LITERAL_CONVERSION = YES;
				CLANG_WARN_OBJC_ROOT_CLASS = YES_ERROR;
				CLANG_WARN_QUOTED_INCLUDE_IN_FRAMEWORK_HEADER = YES;
				CLANG_WARN_RANGE_LOOP_ANALYSIS = YES;
				CLANG_WARN_STRICT_PROTOTYPES = YES;
				CLANG_WARN_SUSPICIOUS_MOVE = YES;
				CLANG_WARN_UNGUARDED_AVAILABILITY = YES_AGGRESSIVE;
				CLANG_WARN_UNREACHABLE_CODE = YES;
				CLANG_WARN__DUPLICATE_METHOD_MATCH = YES;
				COPY_PHASE_STRIP = NO;
				DEBUG_INFORMATION_FORMAT = "dwarf-with-dsym";
				ENABLE_NS_ASSERTIONS = NO;
				ENABLE_STRICT_OBJC_MSGSEND = YES;
				GCC_C_LANGUAGE_STANDARD = gnu11;
				GCC_NO_COMMON_BLOCKS = YES;
				GCC_WARN_64_TO_32_BIT_CONVERSION = YES;
				GCC_WARN_ABOUT_RETURN_TYPE = YES_ERROR;
				GCC_WARN_UNDECLARED_SELECTOR = YES;
				GCC_WARN_UNINITIALIZED_AUTOS = YES_AGGRESSIVE;
				GCC_WARN_UNUSED_FUNCTION = YES;
				GCC_WARN_UNUSED_VARIABLE = YES;
				IPHONEOS_DEPLOYMENT_TARGET = 15.5;
				MTL_ENABLE_DEBUG_INFO = NO;
				MTL_FAST_MATH = YES;
				SDKROOT = iphoneos;
				SWIFT_COMPILATION_MODE = wholemodule;
				SWIFT_OPTIMIZATION_LEVEL = "-O";
				VALIDATE_PRODUCT = YES;
			};
			name = Release;
		};
		0046CBB2290D498C0045204F /* Debug */ = {
			isa = XCBuildConfiguration;
			buildSettings = {
				ASSETCATALOG_COMPILER_APPICON_NAME = AppIcon;
				ASSETCATALOG_COMPILER_GLOBAL_ACCENT_COLOR_NAME = AccentColor;
				CODE_SIGN_STYLE = Automatic;
				CURRENT_PROJECT_VERSION = 1;
				DEVELOPMENT_TEAM = 2WP2WM292N;
				GENERATE_INFOPLIST_FILE = YES;
				INFOPLIST_FILE = "NASA Gallery/Info.plist";
				INFOPLIST_KEY_UIApplicationSupportsIndirectInputEvents = YES;
				INFOPLIST_KEY_UILaunchStoryboardName = LaunchScreen;
				INFOPLIST_KEY_UIMainStoryboardFile = Main;
				INFOPLIST_KEY_UISupportedInterfaceOrientations_iPad = "UIInterfaceOrientationPortrait UIInterfaceOrientationPortraitUpsideDown UIInterfaceOrientationLandscapeLeft UIInterfaceOrientationLandscapeRight";
				INFOPLIST_KEY_UISupportedInterfaceOrientations_iPhone = "UIInterfaceOrientationPortrait UIInterfaceOrientationLandscapeLeft UIInterfaceOrientationLandscapeRight";
				LD_RUNPATH_SEARCH_PATHS = (
					"$(inherited)",
					"@executable_path/Frameworks",
				);
				MARKETING_VERSION = 1.0;
				PRODUCT_BUNDLE_IDENTIFIER = "com.bindi.NASA-Gallery";
				PRODUCT_NAME = "$(TARGET_NAME)";
				SWIFT_EMIT_LOC_STRINGS = YES;
				SWIFT_VERSION = 5.0;
				TARGETED_DEVICE_FAMILY = "1,2";
			};
			name = Debug;
		};
		0046CBB3290D498C0045204F /* Release */ = {
			isa = XCBuildConfiguration;
			buildSettings = {
				ASSETCATALOG_COMPILER_APPICON_NAME = AppIcon;
				ASSETCATALOG_COMPILER_GLOBAL_ACCENT_COLOR_NAME = AccentColor;
				CODE_SIGN_STYLE = Automatic;
				CURRENT_PROJECT_VERSION = 1;
				DEVELOPMENT_TEAM = 2WP2WM292N;
				GENERATE_INFOPLIST_FILE = YES;
				INFOPLIST_FILE = "NASA Gallery/Info.plist";
				INFOPLIST_KEY_UIApplicationSupportsIndirectInputEvents = YES;
				INFOPLIST_KEY_UILaunchStoryboardName = LaunchScreen;
				INFOPLIST_KEY_UIMainStoryboardFile = Main;
				INFOPLIST_KEY_UISupportedInterfaceOrientations_iPad = "UIInterfaceOrientationPortrait UIInterfaceOrientationPortraitUpsideDown UIInterfaceOrientationLandscapeLeft UIInterfaceOrientationLandscapeRight";
				INFOPLIST_KEY_UISupportedInterfaceOrientations_iPhone = "UIInterfaceOrientationPortrait UIInterfaceOrientationLandscapeLeft UIInterfaceOrientationLandscapeRight";
				LD_RUNPATH_SEARCH_PATHS = (
					"$(inherited)",
					"@executable_path/Frameworks",
				);
				MARKETING_VERSION = 1.0;
				PRODUCT_BUNDLE_IDENTIFIER = "com.bindi.NASA-Gallery";
				PRODUCT_NAME = "$(TARGET_NAME)";
				SWIFT_EMIT_LOC_STRINGS = YES;
				SWIFT_VERSION = 5.0;
				TARGETED_DEVICE_FAMILY = "1,2";
			};
			name = Release;
		};
		0046CBB5290D498C0045204F /* Debug */ = {
			isa = XCBuildConfiguration;
			buildSettings = {
				ALWAYS_EMBED_SWIFT_STANDARD_LIBRARIES = YES;
				BUNDLE_LOADER = "$(TEST_HOST)";
				CODE_SIGN_STYLE = Automatic;
				CURRENT_PROJECT_VERSION = 1;
				DEVELOPMENT_TEAM = 2WP2WM292N;
				GENERATE_INFOPLIST_FILE = YES;
				IPHONEOS_DEPLOYMENT_TARGET = 15.5;
				MARKETING_VERSION = 1.0;
				PRODUCT_BUNDLE_IDENTIFIER = "com.bindi.NASA-GalleryTests";
				PRODUCT_NAME = "$(TARGET_NAME)";
				SWIFT_EMIT_LOC_STRINGS = NO;
				SWIFT_VERSION = 5.0;
				TARGETED_DEVICE_FAMILY = "1,2";
				TEST_HOST = "$(BUILT_PRODUCTS_DIR)/NASA Gallery.app/NASA Gallery";
			};
			name = Debug;
		};
		0046CBB6290D498C0045204F /* Release */ = {
			isa = XCBuildConfiguration;
			buildSettings = {
				ALWAYS_EMBED_SWIFT_STANDARD_LIBRARIES = YES;
				BUNDLE_LOADER = "$(TEST_HOST)";
				CODE_SIGN_STYLE = Automatic;
				CURRENT_PROJECT_VERSION = 1;
				DEVELOPMENT_TEAM = 2WP2WM292N;
				GENERATE_INFOPLIST_FILE = YES;
				IPHONEOS_DEPLOYMENT_TARGET = 15.5;
				MARKETING_VERSION = 1.0;
				PRODUCT_BUNDLE_IDENTIFIER = "com.bindi.NASA-GalleryTests";
				PRODUCT_NAME = "$(TARGET_NAME)";
				SWIFT_EMIT_LOC_STRINGS = NO;
				SWIFT_VERSION = 5.0;
				TARGETED_DEVICE_FAMILY = "1,2";
				TEST_HOST = "$(BUILT_PRODUCTS_DIR)/NASA Gallery.app/NASA Gallery";
			};
			name = Release;
		};
		0046CBB8290D498C0045204F /* Debug */ = {
			isa = XCBuildConfiguration;
			buildSettings = {
				ALWAYS_EMBED_SWIFT_STANDARD_LIBRARIES = YES;
				CODE_SIGN_STYLE = Automatic;
				CURRENT_PROJECT_VERSION = 1;
				DEVELOPMENT_TEAM = 2WP2WM292N;
				GENERATE_INFOPLIST_FILE = YES;
				MARKETING_VERSION = 1.0;
				PRODUCT_BUNDLE_IDENTIFIER = "com.bindi.NASA-GalleryUITests";
				PRODUCT_NAME = "$(TARGET_NAME)";
				SWIFT_EMIT_LOC_STRINGS = NO;
				SWIFT_VERSION = 5.0;
				TARGETED_DEVICE_FAMILY = "1,2";
				TEST_TARGET_NAME = "NASA Gallery";
			};
			name = Debug;
		};
		0046CBB9290D498C0045204F /* Release */ = {
			isa = XCBuildConfiguration;
			buildSettings = {
				ALWAYS_EMBED_SWIFT_STANDARD_LIBRARIES = YES;
				CODE_SIGN_STYLE = Automatic;
				CURRENT_PROJECT_VERSION = 1;
				DEVELOPMENT_TEAM = 2WP2WM292N;
				GENERATE_INFOPLIST_FILE = YES;
				MARKETING_VERSION = 1.0;
				PRODUCT_BUNDLE_IDENTIFIER = "com.bindi.NASA-GalleryUITests";
				PRODUCT_NAME = "$(TARGET_NAME)";
				SWIFT_EMIT_LOC_STRINGS = NO;
				SWIFT_VERSION = 5.0;
				TARGETED_DEVICE_FAMILY = "1,2";
				TEST_TARGET_NAME = "NASA Gallery";
			};
			name = Release;
		};
/* End XCBuildConfiguration section */

/* Begin XCConfigurationList section */
		0046CB7F290D498B0045204F /* Build configuration list for PBXProject "NASA Gallery" */ = {
			isa = XCConfigurationList;
			buildConfigurations = (
				0046CBAF290D498C0045204F /* Debug */,
				0046CBB0290D498C0045204F /* Release */,
			);
			defaultConfigurationIsVisible = 0;
			defaultConfigurationName = Release;
		};
		0046CBB1290D498C0045204F /* Build configuration list for PBXNativeTarget "NASA Gallery" */ = {
			isa = XCConfigurationList;
			buildConfigurations = (
				0046CBB2290D498C0045204F /* Debug */,
				0046CBB3290D498C0045204F /* Release */,
			);
			defaultConfigurationIsVisible = 0;
			defaultConfigurationName = Release;
		};
		0046CBB4290D498C0045204F /* Build configuration list for PBXNativeTarget "NASA GalleryTests" */ = {
			isa = XCConfigurationList;
			buildConfigurations = (
				0046CBB5290D498C0045204F /* Debug */,
				0046CBB6290D498C0045204F /* Release */,
			);
			defaultConfigurationIsVisible = 0;
			defaultConfigurationName = Release;
		};
		0046CBB7290D498C0045204F /* Build configuration list for PBXNativeTarget "NASA GalleryUITests" */ = {
			isa = XCConfigurationList;
			buildConfigurations = (
				0046CBB8290D498C0045204F /* Debug */,
				0046CBB9290D498C0045204F /* Release */,
			);
			defaultConfigurationIsVisible = 0;
			defaultConfigurationName = Release;
		};
/* End XCConfigurationList section */

/* Begin XCVersionGroup section */
		00CF30F5290F8E0600D86CE3 /* NASA_Gallery.xcdatamodeld */ = {
			isa = XCVersionGroup;
			children = (
				00CF30F6290F8E0600D86CE3 /* NASA_Gallery.xcdatamodel */,
			);
			currentVersion = 00CF30F6290F8E0600D86CE3 /* NASA_Gallery.xcdatamodel */;
			path = NASA_Gallery.xcdatamodeld;
			sourceTree = "<group>";
			versionGroupType = wrapper.xcdatamodel;
		};
/* End XCVersionGroup section */
	};
	rootObject = 0046CB7C290D498B0045204F /* Project object */;
}
